Microsoft Visual Studio Solution File, Format Version 12.00
# Visual Studio Version 17
VisualStudioVersion = 17.5.2.0
MinimumVisualStudioVersion = 10.0.40219.1
Project("{2150E333-8FDC-42A3-9474-1A3956D46DE8}") = "lista_02", "lista_02", "{B1890F10-6574-1217-7317-D076D3EC4AEB}"
EndProject
Project("{FAE04EC0-301F-11D3-BF4B-00C04F79EFBC}") = "exemploDeAula", "lista_02\exemploDeAula\exemploDeAula.csproj", "{B3A989E6-FBD5-7280-4E0C-024E158FD389}"
EndProject
Global
	GlobalSection(SolutionConfigurationPlatforms) = preSolution
		Debug|Any CPU = Debug|Any CPU
		Release|Any CPU = Release|Any CPU
	EndGlobalSection
	GlobalSection(ProjectConfigurationPlatforms) = postSolution
		{B3A989E6-FBD5-7280-4E0C-024E158FD389}.Debug|Any CPU.ActiveCfg = Debug|Any CPU
		{B3A989E6-FBD5-7280-4E0C-024E158FD389}.Debug|Any CPU.Build.0 = Debug|Any CPU
		{B3A989E6-FBD5-7280-4E0C-024E158FD389}.Release|Any CPU.ActiveCfg = Release|Any CPU
		{B3A989E6-FBD5-7280-4E0C-024E158FD389}.Release|Any CPU.Build.0 = Release|Any CPU
	EndGlobalSection
	GlobalSection(SolutionProperties) = preSolution
		HideSolutionNode = FALSE
	EndGlobalSection
	GlobalSection(NestedProjects) = preSolution
		{B3A989E6-FBD5-7280-4E0C-024E158FD389} = {B1890F10-6574-1217-7317-D076D3EC4AEB}
	EndGlobalSection
	GlobalSection(ExtensibilityGlobals) = postSolution
		SolutionGuid = {A84E32F7-098B-4663-A239-FC9B122BE4C9}
	EndGlobalSection
EndGlobal
